
Microsoft Visual Studio Solution File, Format Version 12.00
# Visual Studio Version 17
VisualStudioVersion = 17.4.33213.308
MinimumVisualStudioVersion = 10.0.40219.1
Project("{FAE04EC0-301F-11D3-BF4B-00C04F79EFBC}") = "firstRepo", "firstRepo\firstRepo.csproj", "{CABB4542-914F-4806-9996-9B26563355DF}"
EndProject
Global
	GlobalSection(SolutionConfigurationPlatforms) = preSolution
		Debug|Any CPU = Debug|Any CPU
		Release|Any CPU = Release|Any CPU
	EndGlobalSection
	GlobalSection(ProjectConfigurationPlatforms) = postSolution
		{CABB4542-914F-4806-9996-9B26563355DF}.Debug|Any CPU.ActiveCfg = Debug|Any CPU
		{CABB4542-914F-4806-9996-9B26563355DF}.Debug|Any CPU.Build.0 = Debug|Any CPU
		{CABB4542-914F-4806-9996-9B26563355DF}.Release|Any CPU.ActiveCfg = Release|Any CPU
		{CABB4542-914F-4806-9996-9B26563355DF}.Release|Any CPU.Build.0 = Release|Any CPU
	EndGlobalSection
	GlobalSection(SolutionProperties) = preSolution
		HideSolutionNode = FALSE
	EndGlobalSection
	GlobalSection(ExtensibilityGlobals) = postSolution
		SolutionGuid = {D428AC95-6D24-446F-A45F-FFB62A2A4462}
	EndGlobalSection
EndGlobal
